
Microsoft Visual Studio Solution File, Format Version 11.00
# Visual Studio 2010
Project("{FAE04EC0-301F-11D3-BF4B-00C04F79EFBC}") = "Asteroids_Shooter_Example4", "Assembly-CSharp.csproj", "{80FFBD6B-E2A2-FC67-C0A0-A1C2C47B87AD}"
EndProject
Global
	GlobalSection(SolutionConfigurationPlatforms) = preSolution
		Debug|Any CPU = Debug|Any CPU
		Release|Any CPU = Release|Any CPU
	EndGlobalSection
	GlobalSection(ProjectConfigurationPlatforms) = postSolution
		{80FFBD6B-E2A2-FC67-C0A0-A1C2C47B87AD}.Debug|Any CPU.ActiveCfg = Debug|Any CPU
		{80FFBD6B-E2A2-FC67-C0A0-A1C2C47B87AD}.Debug|Any CPU.Build.0 = Debug|Any CPU
		{80FFBD6B-E2A2-FC67-C0A0-A1C2C47B87AD}.Release|Any CPU.ActiveCfg = Release|Any CPU
		{80FFBD6B-E2A2-FC67-C0A0-A1C2C47B87AD}.Release|Any CPU.Build.0 = Release|Any CPU
	EndGlobalSection
	GlobalSection(SolutionProperties) = preSolution
		HideSolutionNode = FALSE
	EndGlobalSection
	GlobalSection(MonoDevelopProperties) = preSolution
		StartupItem = Assembly-CSharp.csproj
	EndGlobalSection
EndGlobal
