
Microsoft Visual Studio Solution File, Format Version 11.00
# Visual Studio 2010
Project("{FAE04EC0-301F-11D3-BF4B-00C04F79EFBC}") = "OnlineGame_Example4", "Assembly-CSharp.csproj", "{1565A6D2-C9E4-424C-7A22-13B300B01805}"
EndProject
Global
	GlobalSection(SolutionConfigurationPlatforms) = preSolution
		Debug|Any CPU = Debug|Any CPU
		Release|Any CPU = Release|Any CPU
	EndGlobalSection
	GlobalSection(ProjectConfigurationPlatforms) = postSolution
		{1565A6D2-C9E4-424C-7A22-13B300B01805}.Debug|Any CPU.ActiveCfg = Debug|Any CPU
		{1565A6D2-C9E4-424C-7A22-13B300B01805}.Debug|Any CPU.Build.0 = Debug|Any CPU
		{1565A6D2-C9E4-424C-7A22-13B300B01805}.Release|Any CPU.ActiveCfg = Release|Any CPU
		{1565A6D2-C9E4-424C-7A22-13B300B01805}.Release|Any CPU.Build.0 = Release|Any CPU
	EndGlobalSection
	GlobalSection(SolutionProperties) = preSolution
		HideSolutionNode = FALSE
	EndGlobalSection
	GlobalSection(MonoDevelopProperties) = preSolution
		StartupItem = Assembly-CSharp.csproj
	EndGlobalSection
EndGlobal
